
Microsoft Visual Studio Solution File, Format Version 12.00
# Visual Studio Version 18
VisualStudioVersion = 18.1.11312.151
MinimumVisualStudioVersion = 10.0.40219.1
Project("{54A90642-561A-4BB1-A94E-469ADEE60C69}") = "webcore.client", "webcore.client\webcore.client.esproj", "{98DB2C30-47A0-89BF-D04A-DF6215406F67}"
EndProject
Project("{FAE04EC0-301F-11D3-BF4B-00C04F79EFBC}") = "WebCore.Server", "WebCore.Server\WebCore.Server.csproj", "{37B46AC3-4A6E-4C35-9682-512B2953AD36}"
EndProject
Project("{2150E333-8FDC-42A3-9474-1A3956D46DE8}") = "Libraries", "Libraries", "{02EA681E-C7D8-13C7-8484-4AC65E1B71E8}"
EndProject
Project("{2150E333-8FDC-42A3-9474-1A3956D46DE8}") = "Websites", "Websites", "{BD10475A-F1D8-4952-AE9E-BA72802FF5E7}"
EndProject
Project("{2150E333-8FDC-42A3-9474-1A3956D46DE8}") = "Services", "Services", "{5A72FBAA-CFF8-480E-BD13-52D107E68F6A}"
EndProject
Project("{FAE04EC0-301F-11D3-BF4B-00C04F79EFBC}") = "BusinessLogic", "Libraries\BusinessLogic\BusinessLogic.csproj", "{E3FA5161-53A3-16C2-7CC4-FD95E04F8BFB}"
EndProject
Project("{FAE04EC0-301F-11D3-BF4B-00C04F79EFBC}") = "Common", "Libraries\Common\Common.csproj", "{BFA3C65C-4D7A-B885-B8B2-52068F4580C0}"
EndProject
Project("{FAE04EC0-301F-11D3-BF4B-00C04F79EFBC}") = "DataAccess", "Libraries\DataAccess\DataAccess.csproj", "{E4C4B524-3B24-3B39-75E5-BDE5643ABC96}"
EndProject
Project("{FAE04EC0-301F-11D3-BF4B-00C04F79EFBC}") = "LipstickBusinessLogic", "Libraries\LipstickBusinessLogic\LipstickBusinessLogic.csproj", "{0FD6318E-CA90-CEE4-2A86-52B52066B7AD}"
EndProject
Project("{FAE04EC0-301F-11D3-BF4B-00C04F79EFBC}") = "LipstickDataAccess", "Libraries\LipstickDataAccess\LipstickDataAccess.csproj", "{EC3BF17B-C8A9-538B-A1D6-C089ED971505}"
EndProject
Project("{FAE04EC0-301F-11D3-BF4B-00C04F79EFBC}") = "MemberBusinessLogic", "Libraries\MemberBusinessLogic\MemberBusinessLogic.csproj", "{FA21D0AE-C2D1-5FD3-62E0-32E07D85110B}"
EndProject
Project("{FAE04EC0-301F-11D3-BF4B-00C04F79EFBC}") = "MemberDataAccess", "Libraries\MemberDataAccess\MemberDataAccess.csproj", "{AD0CF495-B419-4065-1D46-1B99410EA1E0}"
EndProject
Project("{FAE04EC0-301F-11D3-BF4B-00C04F79EFBC}") = "SlideshowBusinessLogic", "Libraries\SlideshowBusinessLogic\SlideshowBusinessLogic.csproj", "{A7F88379-3EE7-5069-4FBE-5639EAD13509}"
EndProject
Project("{FAE04EC0-301F-11D3-BF4B-00C04F79EFBC}") = "SlideshowDataAccess", "Libraries\SlideshowDataAccess\SlideshowDataAccess.csproj", "{D4EA00EE-5DE9-37D4-DB9F-78DD3C64AD28}"
EndProject
Project("{FAE04EC0-301F-11D3-BF4B-00C04F79EFBC}") = "StockBusinessLogic", "Libraries\StockBusinessLogic\StockBusinessLogic.csproj", "{B2DF5531-460F-4FC4-18CA-C03DF8E87380}"
EndProject
Project("{FAE04EC0-301F-11D3-BF4B-00C04F79EFBC}") = "StockDataAccess", "Libraries\StockDataAccess\StockDataAccess.csproj", "{55F22523-8189-C054-EAE8-158D4D2197AB}"
EndProject
Project("{FAE04EC0-301F-11D3-BF4B-00C04F79EFBC}") = "SurveyBusinessLogic", "Libraries\SurveyBusinessLogic\SurveyBusinessLogic.csproj", "{2EA09578-75DB-9753-9AE6-50065D6CDB0D}"
EndProject
Project("{FAE04EC0-301F-11D3-BF4B-00C04F79EFBC}") = "SurveyDataAccess", "Libraries\SurveyDataAccess\SurveyDataAccess.csproj", "{4F623007-B507-D4F1-3FE5-63195398C231}"
EndProject
Project("{FAE04EC0-301F-11D3-BF4B-00C04F79EFBC}") = "VOCBusinessLogic", "Libraries\VOCBusinessLogic\VOCBusinessLogic.csproj", "{112C5575-F511-33E8-47EC-ED914E2EFF45}"
EndProject
Project("{FAE04EC0-301F-11D3-BF4B-00C04F79EFBC}") = "VOCDataAccess", "Libraries\VOCDataAccess\VOCDataAccess.csproj", "{FCF265AB-0368-B6F0-6592-4D9B7C586B77}"
EndProject
Project("{FAE04EC0-301F-11D3-BF4B-00C04F79EFBC}") = "MemberService", "Services\MemberService\MemberService.csproj", "{543D60A5-7917-23C8-AF8A-35BCA7305EAD}"
EndProject
Project("{FAE04EC0-301F-11D3-BF4B-00C04F79EFBC}") = "PaymentService", "Services\PaymentService\PaymentService.csproj", "{F1FD0C91-9F77-CCB3-5518-F2CD51FD4BB8}"
EndProject
Project("{FAE04EC0-301F-11D3-BF4B-00C04F79EFBC}") = "SMSService", "Services\SMSService\SMSService.csproj", "{24017441-F625-4FB7-BC9C-73ACC95D9E00}"
EndProject
Project("{FAE04EC0-301F-11D3-BF4B-00C04F79EFBC}") = "CaffeeShop", "Websites\CaffeeShop\CaffeeShop.csproj", "{D5F71EB6-0F98-94B4-ED5F-F807C896A075}"
EndProject
Project("{FAE04EC0-301F-11D3-BF4B-00C04F79EFBC}") = "Lipstick", "Websites\Lipstick\Lipstick.csproj", "{AF311DD5-598A-164D-2EF5-E874E10AC87A}"
EndProject
Project("{FAE04EC0-301F-11D3-BF4B-00C04F79EFBC}") = "Restaurant", "Websites\Restaurant\Restaurant.csproj", "{D810D4AB-D180-FE4E-3398-E0D7C67D1627}"
EndProject
Project("{FAE04EC0-301F-11D3-BF4B-00C04F79EFBC}") = "RestaurantBusinessLogic", "Libraries\RestaurantBusinessLogic\RestaurantBusinessLogic.csproj", "{55995AF1-0F78-411B-B7BC-9A8D702C991C}"
EndProject
Project("{FAE04EC0-301F-11D3-BF4B-00C04F79EFBC}") = "RestaurantDataAccess", "Libraries\RestaurantDataAccess\RestaurantDataAccess.csproj", "{030640E3-080A-42E8-A50F-10B112685E1B}"
EndProject
Project("{FAE04EC0-301F-11D3-BF4B-00C04F79EFBC}") = "PersonalFinanceBusinessLogic", "Libraries\PersonalFinanceBusinessLogic\PersonalFinanceBusinessLogic.csproj", "{592A9EB6-8FF4-404A-8199-1ECBB31B1F41}"
EndProject
Project("{FAE04EC0-301F-11D3-BF4B-00C04F79EFBC}") = "PersonalFinanceDataAccess", "Libraries\PersonalFinanceDataAccess\PersonalFinanceDataAccess.csproj", "{EF697218-CA0C-4F76-B6DA-9B953CAB6AB2}"
EndProject
Project("{FAE04EC0-301F-11D3-BF4B-00C04F79EFBC}") = "MindMap", "Libraries\MindMap\MindMap.csproj", "{FA7DDBE5-38ED-21A4-3798-18D2420AFCC9}"
EndProject
Global
	GlobalSection(SolutionConfigurationPlatforms) = preSolution
		Debug|Any CPU = Debug|Any CPU
		Debug|x64 = Debug|x64
		Debug|x86 = Debug|x86
		Release|Any CPU = Release|Any CPU
		Release|x64 = Release|x64
		Release|x86 = Release|x86
	EndGlobalSection
	GlobalSection(ProjectConfigurationPlatforms) = postSolution
		{98DB2C30-47A0-89BF-D04A-DF6215406F67}.Debug|Any CPU.ActiveCfg = Debug|Any CPU
		{98DB2C30-47A0-89BF-D04A-DF6215406F67}.Debug|Any CPU.Build.0 = Debug|Any CPU
		{98DB2C30-47A0-89BF-D04A-DF6215406F67}.Debug|Any CPU.Deploy.0 = Debug|Any CPU
		{98DB2C30-47A0-89BF-D04A-DF6215406F67}.Debug|x64.ActiveCfg = Debug|x64
		{98DB2C30-47A0-89BF-D04A-DF6215406F67}.Debug|x86.ActiveCfg = Debug|x86
		{98DB2C30-47A0-89BF-D04A-DF6215406F67}.Release|Any CPU.ActiveCfg = Release|Any CPU
		{98DB2C30-47A0-89BF-D04A-DF6215406F67}.Release|Any CPU.Build.0 = Release|Any CPU
		{98DB2C30-47A0-89BF-D04A-DF6215406F67}.Release|Any CPU.Deploy.0 = Release|Any CPU
		{98DB2C30-47A0-89BF-D04A-DF6215406F67}.Release|x64.ActiveCfg = Release|x64
		{98DB2C30-47A0-89BF-D04A-DF6215406F67}.Release|x86.ActiveCfg = Release|x86
		{37B46AC3-4A6E-4C35-9682-512B2953AD36}.Debug|Any CPU.ActiveCfg = Debug|Any CPU
		{37B46AC3-4A6E-4C35-9682-512B2953AD36}.Debug|Any CPU.Build.0 = Debug|Any CPU
		{37B46AC3-4A6E-4C35-9682-512B2953AD36}.Debug|x64.ActiveCfg = Debug|Any CPU
		{37B46AC3-4A6E-4C35-9682-512B2953AD36}.Debug|x64.Build.0 = Debug|Any CPU
		{37B46AC3-4A6E-4C35-9682-512B2953AD36}.Debug|x86.ActiveCfg = Debug|Any CPU
		{37B46AC3-4A6E-4C35-9682-512B2953AD36}.Debug|x86.Build.0 = Debug|Any CPU
		{37B46AC3-4A6E-4C35-9682-512B2953AD36}.Release|Any CPU.ActiveCfg = Release|Any CPU
		{37B46AC3-4A6E-4C35-9682-512B2953AD36}.Release|Any CPU.Build.0 = Release|Any CPU
		{37B46AC3-4A6E-4C35-9682-512B2953AD36}.Release|x64.ActiveCfg = Release|Any CPU
		{37B46AC3-4A6E-4C35-9682-512B2953AD36}.Release|x64.Build.0 = Release|Any CPU
		{37B46AC3-4A6E-4C35-9682-512B2953AD36}.Release|x86.ActiveCfg = Release|Any CPU
		{37B46AC3-4A6E-4C35-9682-512B2953AD36}.Release|x86.Build.0 = Release|Any CPU
		{E3FA5161-53A3-16C2-7CC4-FD95E04F8BFB}.Debug|Any CPU.ActiveCfg = Debug|Any CPU
		{E3FA5161-53A3-16C2-7CC4-FD95E04F8BFB}.Debug|Any CPU.Build.0 = Debug|Any CPU
		{E3FA5161-53A3-16C2-7CC4-FD95E04F8BFB}.Debug|x64.ActiveCfg = Debug|Any CPU
		{E3FA5161-53A3-16C2-7CC4-FD95E04F8BFB}.Debug|x64.Build.0 = Debug|Any CPU
		{E3FA5161-53A3-16C2-7CC4-FD95E04F8BFB}.Debug|x86.ActiveCfg = Debug|Any CPU
		{E3FA5161-53A3-16C2-7CC4-FD95E04F8BFB}.Debug|x86.Build.0 = Debug|Any CPU
		{E3FA5161-53A3-16C2-7CC4-FD95E04F8BFB}.Release|Any CPU.ActiveCfg = Release|Any CPU
		{E3FA5161-53A3-16C2-7CC4-FD95E04F8BFB}.Release|Any CPU.Build.0 = Release|Any CPU
		{E3FA5161-53A3-16C2-7CC4-FD95E04F8BFB}.Release|x64.ActiveCfg = Release|Any CPU
		{E3FA5161-53A3-16C2-7CC4-FD95E04F8BFB}.Release|x64.Build.0 = Release|Any CPU
		{E3FA5161-53A3-16C2-7CC4-FD95E04F8BFB}.Release|x86.ActiveCfg = Release|Any CPU
		{E3FA5161-53A3-16C2-7CC4-FD95E04F8BFB}.Release|x86.Build.0 = Release|Any CPU
		{BFA3C65C-4D7A-B885-B8B2-52068F4580C0}.Debug|Any CPU.ActiveCfg = Debug|Any CPU
		{BFA3C65C-4D7A-B885-B8B2-52068F4580C0}.Debug|Any CPU.Build.0 = Debug|Any CPU
		{BFA3C65C-4D7A-B885-B8B2-52068F4580C0}.Debug|x64.ActiveCfg = Debug|Any CPU
		{BFA3C65C-4D7A-B885-B8B2-52068F4580C0}.Debug|x64.Build.0 = Debug|Any CPU
		{BFA3C65C-4D7A-B885-B8B2-52068F4580C0}.Debug|x86.ActiveCfg = Debug|Any CPU
		{BFA3C65C-4D7A-B885-B8B2-52068F4580C0}.Debug|x86.Build.0 = Debug|Any CPU
		{BFA3C65C-4D7A-B885-B8B2-52068F4580C0}.Release|Any CPU.ActiveCfg = Release|Any CPU
		{BFA3C65C-4D7A-B885-B8B2-52068F4580C0}.Release|Any CPU.Build.0 = Release|Any CPU
		{BFA3C65C-4D7A-B885-B8B2-52068F4580C0}.Release|x64.ActiveCfg = Release|Any CPU
		{BFA3C65C-4D7A-B885-B8B2-52068F4580C0}.Release|x64.Build.0 = Release|Any CPU
		{BFA3C65C-4D7A-B885-B8B2-52068F4580C0}.Release|x86.ActiveCfg = Release|Any CPU
		{BFA3C65C-4D7A-B885-B8B2-52068F4580C0}.Release|x86.Build.0 = Release|Any CPU
		{E4C4B524-3B24-3B39-75E5-BDE5643ABC96}.Debug|Any CPU.ActiveCfg = Debug|Any CPU
		{E4C4B524-3B24-3B39-75E5-BDE5643ABC96}.Debug|Any CPU.Build.0 = Debug|Any CPU
		{E4C4B524-3B24-3B39-75E5-BDE5643ABC96}.Debug|x64.ActiveCfg = Debug|Any CPU
		{E4C4B524-3B24-3B39-75E5-BDE5643ABC96}.Debug|x64.Build.0 = Debug|Any CPU
		{E4C4B524-3B24-3B39-75E5-BDE5643ABC96}.Debug|x86.ActiveCfg = Debug|Any CPU
		{E4C4B524-3B24-3B39-75E5-BDE5643ABC96}.Debug|x86.Build.0 = Debug|Any CPU
		{E4C4B524-3B24-3B39-75E5-BDE5643ABC96}.Release|Any CPU.ActiveCfg = Release|Any CPU
		{E4C4B524-3B24-3B39-75E5-BDE5643ABC96}.Release|Any CPU.Build.0 = Release|Any CPU
		{E4C4B524-3B24-3B39-75E5-BDE5643ABC96}.Release|x64.ActiveCfg = Release|Any CPU
		{E4C4B524-3B24-3B39-75E5-BDE5643ABC96}.Release|x64.Build.0 = Release|Any CPU
		{E4C4B524-3B24-3B39-75E5-BDE5643ABC96}.Release|x86.ActiveCfg = Release|Any CPU
		{E4C4B524-3B24-3B39-75E5-BDE5643ABC96}.Release|x86.Build.0 = Release|Any CPU
		{0FD6318E-CA90-CEE4-2A86-52B52066B7AD}.Debug|Any CPU.ActiveCfg = Debug|Any CPU
		{0FD6318E-CA90-CEE4-2A86-52B52066B7AD}.Debug|Any CPU.Build.0 = Debug|Any CPU
		{0FD6318E-CA90-CEE4-2A86-52B52066B7AD}.Debug|x64.ActiveCfg = Debug|Any CPU
		{0FD6318E-CA90-CEE4-2A86-52B52066B7AD}.Debug|x64.Build.0 = Debug|Any CPU
		{0FD6318E-CA90-CEE4-2A86-52B52066B7AD}.Debug|x86.ActiveCfg = Debug|Any CPU
		{0FD6318E-CA90-CEE4-2A86-52B52066B7AD}.Debug|x86.Build.0 = Debug|Any CPU
		{0FD6318E-CA90-CEE4-2A86-52B52066B7AD}.Release|Any CPU.ActiveCfg = Release|Any CPU
		{0FD6318E-CA90-CEE4-2A86-52B52066B7AD}.Release|Any CPU.Build.0 = Release|Any CPU
		{0FD6318E-CA90-CEE4-2A86-52B52066B7AD}.Release|x64.ActiveCfg = Release|Any CPU
		{0FD6318E-CA90-CEE4-2A86-52B52066B7AD}.Release|x64.Build.0 = Release|Any CPU
		{0FD6318E-CA90-CEE4-2A86-52B52066B7AD}.Release|x86.ActiveCfg = Release|Any CPU
		{0FD6318E-CA90-CEE4-2A86-52B52066B7AD}.Release|x86.Build.0 = Release|Any CPU
		{EC3BF17B-C8A9-538B-A1D6-C089ED971505}.Debug|Any CPU.ActiveCfg = Debug|Any CPU
		{EC3BF17B-C8A9-538B-A1D6-C089ED971505}.Debug|Any CPU.Build.0 = Debug|Any CPU
		{EC3BF17B-C8A9-538B-A1D6-C089ED971505}.Debug|x64.ActiveCfg = Debug|Any CPU
		{EC3BF17B-C8A9-538B-A1D6-C089ED971505}.Debug|x64.Build.0 = Debug|Any CPU
		{EC3BF17B-C8A9-538B-A1D6-C089ED971505}.Debug|x86.ActiveCfg = Debug|Any CPU
		{EC3BF17B-C8A9-538B-A1D6-C089ED971505}.Debug|x86.Build.0 = Debug|Any CPU
		{EC3BF17B-C8A9-538B-A1D6-C089ED971505}.Release|Any CPU.ActiveCfg = Release|Any CPU
		{EC3BF17B-C8A9-538B-A1D6-C089ED971505}.Release|Any CPU.Build.0 = Release|Any CPU
		{EC3BF17B-C8A9-538B-A1D6-C089ED971505}.Release|x64.ActiveCfg = Release|Any CPU
		{EC3BF17B-C8A9-538B-A1D6-C089ED971505}.Release|x64.Build.0 = Release|Any CPU
		{EC3BF17B-C8A9-538B-A1D6-C089ED971505}.Release|x86.ActiveCfg = Release|Any CPU
		{EC3BF17B-C8A9-538B-A1D6-C089ED971505}.Release|x86.Build.0 = Release|Any CPU
		{FA21D0AE-C2D1-5FD3-62E0-32E07D85110B}.Debug|Any CPU.ActiveCfg = Debug|Any CPU
		{FA21D0AE-C2D1-5FD3-62E0-32E07D85110B}.Debug|Any CPU.Build.0 = Debug|Any CPU
		{FA21D0AE-C2D1-5FD3-62E0-32E07D85110B}.Debug|x64.ActiveCfg = Debug|Any CPU
		{FA21D0AE-C2D1-5FD3-62E0-32E07D85110B}.Debug|x64.Build.0 = Debug|Any CPU
		{FA21D0AE-C2D1-5FD3-62E0-32E07D85110B}.Debug|x86.ActiveCfg = Debug|Any CPU
		{FA21D0AE-C2D1-5FD3-62E0-32E07D85110B}.Debug|x86.Build.0 = Debug|Any CPU
		{FA21D0AE-C2D1-5FD3-62E0-32E07D85110B}.Release|Any CPU.ActiveCfg = Release|Any CPU
		{FA21D0AE-C2D1-5FD3-62E0-32E07D85110B}.Release|Any CPU.Build.0 = Release|Any CPU
		{FA21D0AE-C2D1-5FD3-62E0-32E07D85110B}.Release|x64.ActiveCfg = Release|Any CPU
		{FA21D0AE-C2D1-5FD3-62E0-32E07D85110B}.Release|x64.Build.0 = Release|Any CPU
		{FA21D0AE-C2D1-5FD3-62E0-32E07D85110B}.Release|x86.ActiveCfg = Release|Any CPU
		{FA21D0AE-C2D1-5FD3-62E0-32E07D85110B}.Release|x86.Build.0 = Release|Any CPU
		{AD0CF495-B419-4065-1D46-1B99410EA1E0}.Debug|Any CPU.ActiveCfg = Debug|Any CPU
		{AD0CF495-B419-4065-1D46-1B99410EA1E0}.Debug|Any CPU.Build.0 = Debug|Any CPU
		{AD0CF495-B419-4065-1D46-1B99410EA1E0}.Debug|x64.ActiveCfg = Debug|Any CPU
		{AD0CF495-B419-4065-1D46-1B99410EA1E0}.Debug|x64.Build.0 = Debug|Any CPU
		{AD0CF495-B419-4065-1D46-1B99410EA1E0}.Debug|x86.ActiveCfg = Debug|Any CPU
		{AD0CF495-B419-4065-1D46-1B99410EA1E0}.Debug|x86.Build.0 = Debug|Any CPU
		{AD0CF495-B419-4065-1D46-1B99410EA1E0}.Release|Any CPU.ActiveCfg = Release|Any CPU
		{AD0CF495-B419-4065-1D46-1B99410EA1E0}.Release|Any CPU.Build.0 = Release|Any CPU
		{AD0CF495-B419-4065-1D46-1B99410EA1E0}.Release|x64.ActiveCfg = Release|Any CPU
		{AD0CF495-B419-4065-1D46-1B99410EA1E0}.Release|x64.Build.0 = Release|Any CPU
		{AD0CF495-B419-4065-1D46-1B99410EA1E0}.Release|x86.ActiveCfg = Release|Any CPU
		{AD0CF495-B419-4065-1D46-1B99410EA1E0}.Release|x86.Build.0 = Release|Any CPU
		{A7F88379-3EE7-5069-4FBE-5639EAD13509}.Debug|Any CPU.ActiveCfg = Debug|Any CPU
		{A7F88379-3EE7-5069-4FBE-5639EAD13509}.Debug|Any CPU.Build.0 = Debug|Any CPU
		{A7F88379-3EE7-5069-4FBE-5639EAD13509}.Debug|x64.ActiveCfg = Debug|Any CPU
		{A7F88379-3EE7-5069-4FBE-5639EAD13509}.Debug|x64.Build.0 = Debug|Any CPU
		{A7F88379-3EE7-5069-4FBE-5639EAD13509}.Debug|x86.ActiveCfg = Debug|Any CPU
		{A7F88379-3EE7-5069-4FBE-5639EAD13509}.Debug|x86.Build.0 = Debug|Any CPU
		{A7F88379-3EE7-5069-4FBE-5639EAD13509}.Release|Any CPU.ActiveCfg = Release|Any CPU
		{A7F88379-3EE7-5069-4FBE-5639EAD13509}.Release|Any CPU.Build.0 = Release|Any CPU
		{A7F88379-3EE7-5069-4FBE-5639EAD13509}.Release|x64.ActiveCfg = Release|Any CPU
		{A7F88379-3EE7-5069-4FBE-5639EAD13509}.Release|x64.Build.0 = Release|Any CPU
		{A7F88379-3EE7-5069-4FBE-5639EAD13509}.Release|x86.ActiveCfg = Release|Any CPU
		{A7F88379-3EE7-5069-4FBE-5639EAD13509}.Release|x86.Build.0 = Release|Any CPU
		{D4EA00EE-5DE9-37D4-DB9F-78DD3C64AD28}.Debug|Any CPU.ActiveCfg = Debug|Any CPU
		{D4EA00EE-5DE9-37D4-DB9F-78DD3C64AD28}.Debug|Any CPU.Build.0 = Debug|Any CPU
		{D4EA00EE-5DE9-37D4-DB9F-78DD3C64AD28}.Debug|x64.ActiveCfg = Debug|Any CPU
		{D4EA00EE-5DE9-37D4-DB9F-78DD3C64AD28}.Debug|x64.Build.0 = Debug|Any CPU
		{D4EA00EE-5DE9-37D4-DB9F-78DD3C64AD28}.Debug|x86.ActiveCfg = Debug|Any CPU
		{D4EA00EE-5DE9-37D4-DB9F-78DD3C64AD28}.Debug|x86.Build.0 = Debug|Any CPU
		{D4EA00EE-5DE9-37D4-DB9F-78DD3C64AD28}.Release|Any CPU.ActiveCfg = Release|Any CPU
		{D4EA00EE-5DE9-37D4-DB9F-78DD3C64AD28}.Release|Any CPU.Build.0 = Release|Any CPU
		{D4EA00EE-5DE9-37D4-DB9F-78DD3C64AD28}.Release|x64.ActiveCfg = Release|Any CPU
		{D4EA00EE-5DE9-37D4-DB9F-78DD3C64AD28}.Release|x64.Build.0 = Release|Any CPU
		{D4EA00EE-5DE9-37D4-DB9F-78DD3C64AD28}.Release|x86.ActiveCfg = Release|Any CPU
		{D4EA00EE-5DE9-37D4-DB9F-78DD3C64AD28}.Release|x86.Build.0 = Release|Any CPU
		{B2DF5531-460F-4FC4-18CA-C03DF8E87380}.Debug|Any CPU.ActiveCfg = Debug|Any CPU
		{B2DF5531-460F-4FC4-18CA-C03DF8E87380}.Debug|Any CPU.Build.0 = Debug|Any CPU
		{B2DF5531-460F-4FC4-18CA-C03DF8E87380}.Debug|x64.ActiveCfg = Debug|Any CPU
		{B2DF5531-460F-4FC4-18CA-C03DF8E87380}.Debug|x64.Build.0 = Debug|Any CPU
		{B2DF5531-460F-4FC4-18CA-C03DF8E87380}.Debug|x86.ActiveCfg = Debug|Any CPU
		{B2DF5531-460F-4FC4-18CA-C03DF8E87380}.Debug|x86.Build.0 = Debug|Any CPU
		{B2DF5531-460F-4FC4-18CA-C03DF8E87380}.Release|Any CPU.ActiveCfg = Release|Any CPU
		{B2DF5531-460F-4FC4-18CA-C03DF8E87380}.Release|Any CPU.Build.0 = Release|Any CPU
		{B2DF5531-460F-4FC4-18CA-C03DF8E87380}.Release|x64.ActiveCfg = Release|Any CPU
		{B2DF5531-460F-4FC4-18CA-C03DF8E87380}.Release|x64.Build.0 = Release|Any CPU
		{B2DF5531-460F-4FC4-18CA-C03DF8E87380}.Release|x86.ActiveCfg = Release|Any CPU
		{B2DF5531-460F-4FC4-18CA-C03DF8E87380}.Release|x86.Build.0 = Release|Any CPU
		{55F22523-8189-C054-EAE8-158D4D2197AB}.Debug|Any CPU.ActiveCfg = Debug|Any CPU
		{55F22523-8189-C054-EAE8-158D4D2197AB}.Debug|Any CPU.Build.0 = Debug|Any CPU
		{55F22523-8189-C054-EAE8-158D4D2197AB}.Debug|x64.ActiveCfg = Debug|Any CPU
		{55F22523-8189-C054-EAE8-158D4D2197AB}.Debug|x64.Build.0 = Debug|Any CPU
		{55F22523-8189-C054-EAE8-158D4D2197AB}.Debug|x86.ActiveCfg = Debug|Any CPU
		{55F22523-8189-C054-EAE8-158D4D2197AB}.Debug|x86.Build.0 = Debug|Any CPU
		{55F22523-8189-C054-EAE8-158D4D2197AB}.Release|Any CPU.ActiveCfg = Release|Any CPU
		{55F22523-8189-C054-EAE8-158D4D2197AB}.Release|Any CPU.Build.0 = Release|Any CPU
		{55F22523-8189-C054-EAE8-158D4D2197AB}.Release|x64.ActiveCfg = Release|Any CPU
		{55F22523-8189-C054-EAE8-158D4D2197AB}.Release|x64.Build.0 = Release|Any CPU
		{55F22523-8189-C054-EAE8-158D4D2197AB}.Release|x86.ActiveCfg = Release|Any CPU
		{55F22523-8189-C054-EAE8-158D4D2197AB}.Release|x86.Build.0 = Release|Any CPU
		{2EA09578-75DB-9753-9AE6-50065D6CDB0D}.Debug|Any CPU.ActiveCfg = Debug|Any CPU
		{2EA09578-75DB-9753-9AE6-50065D6CDB0D}.Debug|Any CPU.Build.0 = Debug|Any CPU
		{2EA09578-75DB-9753-9AE6-50065D6CDB0D}.Debug|x64.ActiveCfg = Debug|Any CPU
		{2EA09578-75DB-9753-9AE6-50065D6CDB0D}.Debug|x64.Build.0 = Debug|Any CPU
		{2EA09578-75DB-9753-9AE6-50065D6CDB0D}.Debug|x86.ActiveCfg = Debug|Any CPU
		{2EA09578-75DB-9753-9AE6-50065D6CDB0D}.Debug|x86.Build.0 = Debug|Any CPU
		{2EA09578-75DB-9753-9AE6-50065D6CDB0D}.Release|Any CPU.ActiveCfg = Release|Any CPU
		{2EA09578-75DB-9753-9AE6-50065D6CDB0D}.Release|Any CPU.Build.0 = Release|Any CPU
		{2EA09578-75DB-9753-9AE6-50065D6CDB0D}.Release|x64.ActiveCfg = Release|Any CPU
		{2EA09578-75DB-9753-9AE6-50065D6CDB0D}.Release|x64.Build.0 = Release|Any CPU
		{2EA09578-75DB-9753-9AE6-50065D6CDB0D}.Release|x86.ActiveCfg = Release|Any CPU
		{2EA09578-75DB-9753-9AE6-50065D6CDB0D}.Release|x86.Build.0 = Release|Any CPU
		{4F623007-B507-D4F1-3FE5-63195398C231}.Debug|Any CPU.ActiveCfg = Debug|Any CPU
		{4F623007-B507-D4F1-3FE5-63195398C231}.Debug|Any CPU.Build.0 = Debug|Any CPU
		{4F623007-B507-D4F1-3FE5-63195398C231}.Debug|x64.ActiveCfg = Debug|Any CPU
		{4F623007-B507-D4F1-3FE5-63195398C231}.Debug|x64.Build.0 = Debug|Any CPU
		{4F623007-B507-D4F1-3FE5-63195398C231}.Debug|x86.ActiveCfg = Debug|Any CPU
		{4F623007-B507-D4F1-3FE5-63195398C231}.Debug|x86.Build.0 = Debug|Any CPU
		{4F623007-B507-D4F1-3FE5-63195398C231}.Release|Any CPU.ActiveCfg = Release|Any CPU
		{4F623007-B507-D4F1-3FE5-63195398C231}.Release|Any CPU.Build.0 = Release|Any CPU
		{4F623007-B507-D4F1-3FE5-63195398C231}.Release|x64.ActiveCfg = Release|Any CPU
		{4F623007-B507-D4F1-3FE5-63195398C231}.Release|x64.Build.0 = Release|Any CPU
		{4F623007-B507-D4F1-3FE5-63195398C231}.Release|x86.ActiveCfg = Release|Any CPU
		{4F623007-B507-D4F1-3FE5-63195398C231}.Release|x86.Build.0 = Release|Any CPU
		{112C5575-F511-33E8-47EC-ED914E2EFF45}.Debug|Any CPU.ActiveCfg = Debug|Any CPU
		{112C5575-F511-33E8-47EC-ED914E2EFF45}.Debug|Any CPU.Build.0 = Debug|Any CPU
		{112C5575-F511-33E8-47EC-ED914E2EFF45}.Debug|x64.ActiveCfg = Debug|Any CPU
		{112C5575-F511-33E8-47EC-ED914E2EFF45}.Debug|x64.Build.0 = Debug|Any CPU
		{112C5575-F511-33E8-47EC-ED914E2EFF45}.Debug|x86.ActiveCfg = Debug|Any CPU
		{112C5575-F511-33E8-47EC-ED914E2EFF45}.Debug|x86.Build.0 = Debug|Any CPU
		{112C5575-F511-33E8-47EC-ED914E2EFF45}.Release|Any CPU.ActiveCfg = Release|Any CPU
		{112C5575-F511-33E8-47EC-ED914E2EFF45}.Release|Any CPU.Build.0 = Release|Any CPU
		{112C5575-F511-33E8-47EC-ED914E2EFF45}.Release|x64.ActiveCfg = Release|Any CPU
		{112C5575-F511-33E8-47EC-ED914E2EFF45}.Release|x64.Build.0 = Release|Any CPU
		{112C5575-F511-33E8-47EC-ED914E2EFF45}.Release|x86.ActiveCfg = Release|Any CPU
		{112C5575-F511-33E8-47EC-ED914E2EFF45}.Release|x86.Build.0 = Release|Any CPU
		{FCF265AB-0368-B6F0-6592-4D9B7C586B77}.Debug|Any CPU.ActiveCfg = Debug|Any CPU
		{FCF265AB-0368-B6F0-6592-4D9B7C586B77}.Debug|Any CPU.Build.0 = Debug|Any CPU
		{FCF265AB-0368-B6F0-6592-4D9B7C586B77}.Debug|x64.ActiveCfg = Debug|Any CPU
		{FCF265AB-0368-B6F0-6592-4D9B7C586B77}.Debug|x64.Build.0 = Debug|Any CPU
		{FCF265AB-0368-B6F0-6592-4D9B7C586B77}.Debug|x86.ActiveCfg = Debug|Any CPU
		{FCF265AB-0368-B6F0-6592-4D9B7C586B77}.Debug|x86.Build.0 = Debug|Any CPU
		{FCF265AB-0368-B6F0-6592-4D9B7C586B77}.Release|Any CPU.ActiveCfg = Release|Any CPU
		{FCF265AB-0368-B6F0-6592-4D9B7C586B77}.Release|Any CPU.Build.0 = Release|Any CPU
		{FCF265AB-0368-B6F0-6592-4D9B7C586B77}.Release|x64.ActiveCfg = Release|Any CPU
		{FCF265AB-0368-B6F0-6592-4D9B7C586B77}.Release|x64.Build.0 = Release|Any CPU
		{FCF265AB-0368-B6F0-6592-4D9B7C586B77}.Release|x86.ActiveCfg = Release|Any CPU
		{FCF265AB-0368-B6F0-6592-4D9B7C586B77}.Release|x86.Build.0 = Release|Any CPU
		{543D60A5-7917-23C8-AF8A-35BCA7305EAD}.Debug|Any CPU.ActiveCfg = Debug|Any CPU
		{543D60A5-7917-23C8-AF8A-35BCA7305EAD}.Debug|Any CPU.Build.0 = Debug|Any CPU
		{543D60A5-7917-23C8-AF8A-35BCA7305EAD}.Debug|x64.ActiveCfg = Debug|Any CPU
		{543D60A5-7917-23C8-AF8A-35BCA7305EAD}.Debug|x64.Build.0 = Debug|Any CPU
		{543D60A5-7917-23C8-AF8A-35BCA7305EAD}.Debug|x86.ActiveCfg = Debug|Any CPU
		{543D60A5-7917-23C8-AF8A-35BCA7305EAD}.Debug|x86.Build.0 = Debug|Any CPU
		{543D60A5-7917-23C8-AF8A-35BCA7305EAD}.Release|Any CPU.ActiveCfg = Release|Any CPU
		{543D60A5-7917-23C8-AF8A-35BCA7305EAD}.Release|Any CPU.Build.0 = Release|Any CPU
		{543D60A5-7917-23C8-AF8A-35BCA7305EAD}.Release|x64.ActiveCfg = Release|Any CPU
		{543D60A5-7917-23C8-AF8A-35BCA7305EAD}.Release|x64.Build.0 = Release|Any CPU
		{543D60A5-7917-23C8-AF8A-35BCA7305EAD}.Release|x86.ActiveCfg = Release|Any CPU
		{543D60A5-7917-23C8-AF8A-35BCA7305EAD}.Release|x86.Build.0 = Release|Any CPU
		{F1FD0C91-9F77-CCB3-5518-F2CD51FD4BB8}.Debug|Any CPU.ActiveCfg = Debug|Any CPU
		{F1FD0C91-9F77-CCB3-5518-F2CD51FD4BB8}.Debug|Any CPU.Build.0 = Debug|Any CPU
		{F1FD0C91-9F77-CCB3-5518-F2CD51FD4BB8}.Debug|x64.ActiveCfg = Debug|Any CPU
		{F1FD0C91-9F77-CCB3-5518-F2CD51FD4BB8}.Debug|x64.Build.0 = Debug|Any CPU
		{F1FD0C91-9F77-CCB3-5518-F2CD51FD4BB8}.Debug|x86.ActiveCfg = Debug|Any CPU
		{F1FD0C91-9F77-CCB3-5518-F2CD51FD4BB8}.Debug|x86.Build.0 = Debug|Any CPU
		{F1FD0C91-9F77-CCB3-5518-F2CD51FD4BB8}.Release|Any CPU.ActiveCfg = Release|Any CPU
		{F1FD0C91-9F77-CCB3-5518-F2CD51FD4BB8}.Release|Any CPU.Build.0 = Release|Any CPU
		{F1FD0C91-9F77-CCB3-5518-F2CD51FD4BB8}.Release|x64.ActiveCfg = Release|Any CPU
		{F1FD0C91-9F77-CCB3-5518-F2CD51FD4BB8}.Release|x64.Build.0 = Release|Any CPU
		{F1FD0C91-9F77-CCB3-5518-F2CD51FD4BB8}.Release|x86.ActiveCfg = Release|Any CPU
		{F1FD0C91-9F77-CCB3-5518-F2CD51FD4BB8}.Release|x86.Build.0 = Release|Any CPU
		{24017441-F625-4FB7-BC9C-73ACC95D9E00}.Debug|Any CPU.ActiveCfg = Debug|Any CPU
		{24017441-F625-4FB7-BC9C-73ACC95D9E00}.Debug|Any CPU.Build.0 = Debug|Any CPU
		{24017441-F625-4FB7-BC9C-73ACC95D9E00}.Debug|x64.ActiveCfg = Debug|Any CPU
		{24017441-F625-4FB7-BC9C-73ACC95D9E00}.Debug|x64.Build.0 = Debug|Any CPU
		{24017441-F625-4FB7-BC9C-73ACC95D9E00}.Debug|x86.ActiveCfg = Debug|Any CPU
		{24017441-F625-4FB7-BC9C-73ACC95D9E00}.Debug|x86.Build.0 = Debug|Any CPU
		{24017441-F625-4FB7-BC9C-73ACC95D9E00}.Release|Any CPU.ActiveCfg = Release|Any CPU
		{24017441-F625-4FB7-BC9C-73ACC95D9E00}.Release|Any CPU.Build.0 = Release|Any CPU
		{24017441-F625-4FB7-BC9C-73ACC95D9E00}.Release|x64.ActiveCfg = Release|Any CPU
		{24017441-F625-4FB7-BC9C-73ACC95D9E00}.Release|x64.Build.0 = Release|Any CPU
		{24017441-F625-4FB7-BC9C-73ACC95D9E00}.Release|x86.ActiveCfg = Release|Any CPU
		{24017441-F625-4FB7-BC9C-73ACC95D9E00}.Release|x86.Build.0 = Release|Any CPU
		{D5F71EB6-0F98-94B4-ED5F-F807C896A075}.Debug|Any CPU.ActiveCfg = Debug|Any CPU
		{D5F71EB6-0F98-94B4-ED5F-F807C896A075}.Debug|Any CPU.Build.0 = Debug|Any CPU
		{D5F71EB6-0F98-94B4-ED5F-F807C896A075}.Debug|x64.ActiveCfg = Debug|Any CPU
		{D5F71EB6-0F98-94B4-ED5F-F807C896A075}.Debug|x64.Build.0 = Debug|Any CPU
		{D5F71EB6-0F98-94B4-ED5F-F807C896A075}.Debug|x86.ActiveCfg = Debug|Any CPU
		{D5F71EB6-0F98-94B4-ED5F-F807C896A075}.Debug|x86.Build.0 = Debug|Any CPU
		{D5F71EB6-0F98-94B4-ED5F-F807C896A075}.Release|Any CPU.ActiveCfg = Release|Any CPU
		{D5F71EB6-0F98-94B4-ED5F-F807C896A075}.Release|Any CPU.Build.0 = Release|Any CPU
		{D5F71EB6-0F98-94B4-ED5F-F807C896A075}.Release|x64.ActiveCfg = Release|Any CPU
		{D5F71EB6-0F98-94B4-ED5F-F807C896A075}.Release|x64.Build.0 = Release|Any CPU
		{D5F71EB6-0F98-94B4-ED5F-F807C896A075}.Release|x86.ActiveCfg = Release|Any CPU
		{D5F71EB6-0F98-94B4-ED5F-F807C896A075}.Release|x86.Build.0 = Release|Any CPU
		{AF311DD5-598A-164D-2EF5-E874E10AC87A}.Debug|Any CPU.ActiveCfg = Debug|Any CPU
		{AF311DD5-598A-164D-2EF5-E874E10AC87A}.Debug|Any CPU.Build.0 = Debug|Any CPU
		{AF311DD5-598A-164D-2EF5-E874E10AC87A}.Debug|x64.ActiveCfg = Debug|Any CPU
		{AF311DD5-598A-164D-2EF5-E874E10AC87A}.Debug|x64.Build.0 = Debug|Any CPU
		{AF311DD5-598A-164D-2EF5-E874E10AC87A}.Debug|x86.ActiveCfg = Debug|Any CPU
		{AF311DD5-598A-164D-2EF5-E874E10AC87A}.Debug|x86.Build.0 = Debug|Any CPU
		{AF311DD5-598A-164D-2EF5-E874E10AC87A}.Release|Any CPU.ActiveCfg = Release|Any CPU
		{AF311DD5-598A-164D-2EF5-E874E10AC87A}.Release|Any CPU.Build.0 = Release|Any CPU
		{AF311DD5-598A-164D-2EF5-E874E10AC87A}.Release|x64.ActiveCfg = Release|Any CPU
		{AF311DD5-598A-164D-2EF5-E874E10AC87A}.Release|x64.Build.0 = Release|Any CPU
		{AF311DD5-598A-164D-2EF5-E874E10AC87A}.Release|x86.ActiveCfg = Release|Any CPU
		{AF311DD5-598A-164D-2EF5-E874E10AC87A}.Release|x86.Build.0 = Release|Any CPU
		{D810D4AB-D180-FE4E-3398-E0D7C67D1627}.Debug|Any CPU.ActiveCfg = Debug|Any CPU
		{D810D4AB-D180-FE4E-3398-E0D7C67D1627}.Debug|Any CPU.Build.0 = Debug|Any CPU
		{D810D4AB-D180-FE4E-3398-E0D7C67D1627}.Debug|x64.ActiveCfg = Debug|Any CPU
		{D810D4AB-D180-FE4E-3398-E0D7C67D1627}.Debug|x64.Build.0 = Debug|Any CPU
		{D810D4AB-D180-FE4E-3398-E0D7C67D1627}.Debug|x86.ActiveCfg = Debug|Any CPU
		{D810D4AB-D180-FE4E-3398-E0D7C67D1627}.Debug|x86.Build.0 = Debug|Any CPU
		{D810D4AB-D180-FE4E-3398-E0D7C67D1627}.Release|Any CPU.ActiveCfg = Release|Any CPU
		{D810D4AB-D180-FE4E-3398-E0D7C67D1627}.Release|Any CPU.Build.0 = Release|Any CPU
		{D810D4AB-D180-FE4E-3398-E0D7C67D1627}.Release|x64.ActiveCfg = Release|Any CPU
		{D810D4AB-D180-FE4E-3398-E0D7C67D1627}.Release|x64.Build.0 = Release|Any CPU
		{D810D4AB-D180-FE4E-3398-E0D7C67D1627}.Release|x86.ActiveCfg = Release|Any CPU
		{D810D4AB-D180-FE4E-3398-E0D7C67D1627}.Release|x86.Build.0 = Release|Any CPU
		{55995AF1-0F78-411B-B7BC-9A8D702C991C}.Debug|Any CPU.ActiveCfg = Debug|Any CPU
		{55995AF1-0F78-411B-B7BC-9A8D702C991C}.Debug|Any CPU.Build.0 = Debug|Any CPU
		{55995AF1-0F78-411B-B7BC-9A8D702C991C}.Debug|x64.ActiveCfg = Debug|Any CPU
		{55995AF1-0F78-411B-B7BC-9A8D702C991C}.Debug|x64.Build.0 = Debug|Any CPU
		{55995AF1-0F78-411B-B7BC-9A8D702C991C}.Debug|x86.ActiveCfg = Debug|Any CPU
		{55995AF1-0F78-411B-B7BC-9A8D702C991C}.Debug|x86.Build.0 = Debug|Any CPU
		{55995AF1-0F78-411B-B7BC-9A8D702C991C}.Release|Any CPU.ActiveCfg = Release|Any CPU
		{55995AF1-0F78-411B-B7BC-9A8D702C991C}.Release|Any CPU.Build.0 = Release|Any CPU
		{55995AF1-0F78-411B-B7BC-9A8D702C991C}.Release|x64.ActiveCfg = Release|Any CPU
		{55995AF1-0F78-411B-B7BC-9A8D702C991C}.Release|x64.Build.0 = Release|Any CPU
		{55995AF1-0F78-411B-B7BC-9A8D702C991C}.Release|x86.ActiveCfg = Release|Any CPU
		{55995AF1-0F78-411B-B7BC-9A8D702C991C}.Release|x86.Build.0 = Release|Any CPU
		{030640E3-080A-42E8-A50F-10B112685E1B}.Debug|Any CPU.ActiveCfg = Debug|Any CPU
		{030640E3-080A-42E8-A50F-10B112685E1B}.Debug|Any CPU.Build.0 = Debug|Any CPU
		{030640E3-080A-42E8-A50F-10B112685E1B}.Debug|x64.ActiveCfg = Debug|Any CPU
		{030640E3-080A-42E8-A50F-10B112685E1B}.Debug|x64.Build.0 = Debug|Any CPU
		{030640E3-080A-42E8-A50F-10B112685E1B}.Debug|x86.ActiveCfg = Debug|Any CPU
		{030640E3-080A-42E8-A50F-10B112685E1B}.Debug|x86.Build.0 = Debug|Any CPU
		{030640E3-080A-42E8-A50F-10B112685E1B}.Release|Any CPU.ActiveCfg = Release|Any CPU
		{030640E3-080A-42E8-A50F-10B112685E1B}.Release|Any CPU.Build.0 = Release|Any CPU
		{030640E3-080A-42E8-A50F-10B112685E1B}.Release|x64.ActiveCfg = Release|Any CPU
		{030640E3-080A-42E8-A50F-10B112685E1B}.Release|x64.Build.0 = Release|Any CPU
		{030640E3-080A-42E8-A50F-10B112685E1B}.Release|x86.ActiveCfg = Release|Any CPU
		{030640E3-080A-42E8-A50F-10B112685E1B}.Release|x86.Build.0 = Release|Any CPU
		{592A9EB6-8FF4-404A-8199-1ECBB31B1F41}.Debug|Any CPU.ActiveCfg = Debug|Any CPU
		{592A9EB6-8FF4-404A-8199-1ECBB31B1F41}.Debug|Any CPU.Build.0 = Debug|Any CPU
		{592A9EB6-8FF4-404A-8199-1ECBB31B1F41}.Debug|x64.ActiveCfg = Debug|Any CPU
		{592A9EB6-8FF4-404A-8199-1ECBB31B1F41}.Debug|x64.Build.0 = Debug|Any CPU
		{592A9EB6-8FF4-404A-8199-1ECBB31B1F41}.Debug|x86.ActiveCfg = Debug|Any CPU
		{592A9EB6-8FF4-404A-8199-1ECBB31B1F41}.Debug|x86.Build.0 = Debug|Any CPU
		{592A9EB6-8FF4-404A-8199-1ECBB31B1F41}.Release|Any CPU.ActiveCfg = Release|Any CPU
		{592A9EB6-8FF4-404A-8199-1ECBB31B1F41}.Release|Any CPU.Build.0 = Release|Any CPU
		{592A9EB6-8FF4-404A-8199-1ECBB31B1F41}.Release|x64.ActiveCfg = Release|Any CPU
		{592A9EB6-8FF4-404A-8199-1ECBB31B1F41}.Release|x64.Build.0 = Release|Any CPU
		{592A9EB6-8FF4-404A-8199-1ECBB31B1F41}.Release|x86.ActiveCfg = Release|Any CPU
		{592A9EB6-8FF4-404A-8199-1ECBB31B1F41}.Release|x86.Build.0 = Release|Any CPU
		{EF697218-CA0C-4F76-B6DA-9B953CAB6AB2}.Debug|Any CPU.ActiveCfg = Debug|Any CPU
		{EF697218-CA0C-4F76-B6DA-9B953CAB6AB2}.Debug|Any CPU.Build.0 = Debug|Any CPU
		{EF697218-CA0C-4F76-B6DA-9B953CAB6AB2}.Debug|x64.ActiveCfg = Debug|Any CPU
		{EF697218-CA0C-4F76-B6DA-9B953CAB6AB2}.Debug|x64.Build.0 = Debug|Any CPU
		{EF697218-CA0C-4F76-B6DA-9B953CAB6AB2}.Debug|x86.ActiveCfg = Debug|Any CPU
		{EF697218-CA0C-4F76-B6DA-9B953CAB6AB2}.Debug|x86.Build.0 = Debug|Any CPU
		{EF697218-CA0C-4F76-B6DA-9B953CAB6AB2}.Release|Any CPU.ActiveCfg = Release|Any CPU
		{EF697218-CA0C-4F76-B6DA-9B953CAB6AB2}.Release|Any CPU.Build.0 = Release|Any CPU
		{EF697218-CA0C-4F76-B6DA-9B953CAB6AB2}.Release|x64.ActiveCfg = Release|Any CPU
		{EF697218-CA0C-4F76-B6DA-9B953CAB6AB2}.Release|x64.Build.0 = Release|Any CPU
		{EF697218-CA0C-4F76-B6DA-9B953CAB6AB2}.Release|x86.ActiveCfg = Release|Any CPU
		{EF697218-CA0C-4F76-B6DA-9B953CAB6AB2}.Release|x86.Build.0 = Release|Any CPU
		{FA7DDBE5-38ED-21A4-3798-18D2420AFCC9}.Debug|Any CPU.ActiveCfg = Debug|Any CPU
		{FA7DDBE5-38ED-21A4-3798-18D2420AFCC9}.Debug|Any CPU.Build.0 = Debug|Any CPU
		{FA7DDBE5-38ED-21A4-3798-18D2420AFCC9}.Debug|x64.ActiveCfg = Debug|Any CPU
		{FA7DDBE5-38ED-21A4-3798-18D2420AFCC9}.Debug|x64.Build.0 = Debug|Any CPU
		{FA7DDBE5-38ED-21A4-3798-18D2420AFCC9}.Debug|x86.ActiveCfg = Debug|Any CPU
		{FA7DDBE5-38ED-21A4-3798-18D2420AFCC9}.Debug|x86.Build.0 = Debug|Any CPU
		{FA7DDBE5-38ED-21A4-3798-18D2420AFCC9}.Release|Any CPU.ActiveCfg = Release|Any CPU
		{FA7DDBE5-38ED-21A4-3798-18D2420AFCC9}.Release|Any CPU.Build.0 = Release|Any CPU
		{FA7DDBE5-38ED-21A4-3798-18D2420AFCC9}.Release|x64.ActiveCfg = Release|Any CPU
		{FA7DDBE5-38ED-21A4-3798-18D2420AFCC9}.Release|x64.Build.0 = Release|Any CPU
		{FA7DDBE5-38ED-21A4-3798-18D2420AFCC9}.Release|x86.ActiveCfg = Release|Any CPU
		{FA7DDBE5-38ED-21A4-3798-18D2420AFCC9}.Release|x86.Build.0 = Release|Any CPU
	EndGlobalSection
	GlobalSection(SolutionProperties) = preSolution
		HideSolutionNode = FALSE
	EndGlobalSection
	GlobalSection(NestedProjects) = preSolution
		{E3FA5161-53A3-16C2-7CC4-FD95E04F8BFB} = {02EA681E-C7D8-13C7-8484-4AC65E1B71E8}
		{BFA3C65C-4D7A-B885-B8B2-52068F4580C0} = {02EA681E-C7D8-13C7-8484-4AC65E1B71E8}
		{E4C4B524-3B24-3B39-75E5-BDE5643ABC96} = {02EA681E-C7D8-13C7-8484-4AC65E1B71E8}
		{0FD6318E-CA90-CEE4-2A86-52B52066B7AD} = {02EA681E-C7D8-13C7-8484-4AC65E1B71E8}
		{EC3BF17B-C8A9-538B-A1D6-C089ED971505} = {02EA681E-C7D8-13C7-8484-4AC65E1B71E8}
		{FA21D0AE-C2D1-5FD3-62E0-32E07D85110B} = {02EA681E-C7D8-13C7-8484-4AC65E1B71E8}
		{AD0CF495-B419-4065-1D46-1B99410EA1E0} = {02EA681E-C7D8-13C7-8484-4AC65E1B71E8}
		{A7F88379-3EE7-5069-4FBE-5639EAD13509} = {02EA681E-C7D8-13C7-8484-4AC65E1B71E8}
		{D4EA00EE-5DE9-37D4-DB9F-78DD3C64AD28} = {02EA681E-C7D8-13C7-8484-4AC65E1B71E8}
		{B2DF5531-460F-4FC4-18CA-C03DF8E87380} = {02EA681E-C7D8-13C7-8484-4AC65E1B71E8}
		{55F22523-8189-C054-EAE8-158D4D2197AB} = {02EA681E-C7D8-13C7-8484-4AC65E1B71E8}
		{2EA09578-75DB-9753-9AE6-50065D6CDB0D} = {02EA681E-C7D8-13C7-8484-4AC65E1B71E8}
		{4F623007-B507-D4F1-3FE5-63195398C231} = {02EA681E-C7D8-13C7-8484-4AC65E1B71E8}
		{112C5575-F511-33E8-47EC-ED914E2EFF45} = {02EA681E-C7D8-13C7-8484-4AC65E1B71E8}
		{FCF265AB-0368-B6F0-6592-4D9B7C586B77} = {02EA681E-C7D8-13C7-8484-4AC65E1B71E8}
		{543D60A5-7917-23C8-AF8A-35BCA7305EAD} = {5A72FBAA-CFF8-480E-BD13-52D107E68F6A}
		{F1FD0C91-9F77-CCB3-5518-F2CD51FD4BB8} = {5A72FBAA-CFF8-480E-BD13-52D107E68F6A}
		{24017441-F625-4FB7-BC9C-73ACC95D9E00} = {5A72FBAA-CFF8-480E-BD13-52D107E68F6A}
		{D5F71EB6-0F98-94B4-ED5F-F807C896A075} = {BD10475A-F1D8-4952-AE9E-BA72802FF5E7}
		{AF311DD5-598A-164D-2EF5-E874E10AC87A} = {BD10475A-F1D8-4952-AE9E-BA72802FF5E7}
		{D810D4AB-D180-FE4E-3398-E0D7C67D1627} = {BD10475A-F1D8-4952-AE9E-BA72802FF5E7}
		{55995AF1-0F78-411B-B7BC-9A8D702C991C} = {02EA681E-C7D8-13C7-8484-4AC65E1B71E8}
		{030640E3-080A-42E8-A50F-10B112685E1B} = {02EA681E-C7D8-13C7-8484-4AC65E1B71E8}
		{592A9EB6-8FF4-404A-8199-1ECBB31B1F41} = {02EA681E-C7D8-13C7-8484-4AC65E1B71E8}
		{EF697218-CA0C-4F76-B6DA-9B953CAB6AB2} = {02EA681E-C7D8-13C7-8484-4AC65E1B71E8}
		{FA7DDBE5-38ED-21A4-3798-18D2420AFCC9} = {02EA681E-C7D8-13C7-8484-4AC65E1B71E8}
	EndGlobalSection
	GlobalSection(ExtensibilityGlobals) = postSolution
		SolutionGuid = {211E095F-40BE-4D0D-9228-5DA13692CB8F}
	EndGlobalSection
EndGlobal
