
Microsoft Visual Studio Solution File, Format Version 12.00
# Visual Studio Version 17
VisualStudioVersion = 17.14.36127.28
MinimumVisualStudioVersion = 10.0.40219.1
Project("{54A90642-561A-4BB1-A94E-469ADEE60C69}") = "webcore.client", "webcore.client\webcore.client.esproj", "{98DB2C30-47A0-89BF-D04A-DF6215406F67}"
EndProject
Project("{FAE04EC0-301F-11D3-BF4B-00C04F79EFBC}") = "WebCore.Server", "WebCore.Server\WebCore.Server.csproj", "{37B46AC3-4A6E-4C35-9682-512B2953AD36}"
EndProject
Project("{FAE04EC0-301F-11D3-BF4B-00C04F79EFBC}") = "BusinessLogic", "BusinessLogic\BusinessLogic.csproj", "{01E30B25-F83B-04BE-47BF-65C6F329008E}"
EndProject
Project("{FAE04EC0-301F-11D3-BF4B-00C04F79EFBC}") = "Common", "Common\Common.csproj", "{E15E491A-E872-91D8-DF7A-CA59C792F064}"
EndProject
Project("{FAE04EC0-301F-11D3-BF4B-00C04F79EFBC}") = "DataAccess", "DataAccess\DataAccess.csproj", "{45E8AD2D-F6CC-99C0-B6AF-489676982DA4}"
EndProject
Project("{2150E333-8FDC-42A3-9474-1A3956D46DE8}") = "Libraries", "Libraries", "{02EA681E-C7D8-13C7-8484-4AC65E1B71E8}"
EndProject
Project("{FAE04EC0-301F-11D3-BF4B-00C04F79EFBC}") = "LipstickBusinessLogic", "LipstickBusinessLogic\LipstickBusinessLogic.csproj", "{DEBBDB3E-8A91-64F0-2FF9-87816F6CAC71}"
EndProject
Project("{FAE04EC0-301F-11D3-BF4B-00C04F79EFBC}") = "LipstickDataAccess", "LipstickDataAccess\LipstickDataAccess.csproj", "{5F68742B-B1C3-66F5-2CDC-B9260EA95F5B}"
EndProject
Project("{FAE04EC0-301F-11D3-BF4B-00C04F79EFBC}") = "MemberBusinessLogic", "MemberBusinessLogic\MemberBusinessLogic.csproj", "{45C2CBC5-1B86-7CD6-D0B2-DBDDF8B6C784}"
EndProject
Project("{FAE04EC0-301F-11D3-BF4B-00C04F79EFBC}") = "MemberDataAccess", "MemberDataAccess\MemberDataAccess.csproj", "{D20D8694-ABDC-1D2B-F33C-69F0BC8746A5}"
EndProject
Project("{FAE04EC0-301F-11D3-BF4B-00C04F79EFBC}") = "SlideshowBusinessLogic", "SlideshowBusinessLogic\SlideshowBusinessLogic.csproj", "{2522D2C2-D43D-C9C5-3DEC-026CAEB60342}"
EndProject
Project("{FAE04EC0-301F-11D3-BF4B-00C04F79EFBC}") = "SlideshowDataAccess", "SlideshowDataAccess\SlideshowDataAccess.csproj", "{E79B8DE0-A2C8-B620-752F-B3C2272178A7}"
EndProject
Project("{FAE04EC0-301F-11D3-BF4B-00C04F79EFBC}") = "SurveyBusinessLogic", "SurveyBusinessLogic\SurveyBusinessLogic.csproj", "{40AAAEFA-0240-148A-F384-99F3EE00B942}"
EndProject
Project("{FAE04EC0-301F-11D3-BF4B-00C04F79EFBC}") = "SurveyDataAccess", "SurveyDataAccess\SurveyDataAccess.csproj", "{CC2C6491-0305-4112-94C2-F3D83C50630D}"
EndProject
Project("{FAE04EC0-301F-11D3-BF4B-00C04F79EFBC}") = "StockBusinessLogic", "StockBusinessLogic\StockBusinessLogic.csproj", "{C94A43C7-8F65-83A9-1C33-C9891D47CF6A}"
EndProject
Project("{FAE04EC0-301F-11D3-BF4B-00C04F79EFBC}") = "StockDataAccess", "StockDataAccess\StockDataAccess.csproj", "{8D4F5C66-C2B7-6BB9-27CE-8316E6F06AFA}"
EndProject
Project("{FAE04EC0-301F-11D3-BF4B-00C04F79EFBC}") = "Lipstick", "Lipstick\Lipstick.csproj", "{2AB58386-E37C-4E8B-8606-DC9B89B095A9}"
EndProject
Project("{FAE04EC0-301F-11D3-BF4B-00C04F79EFBC}") = "PaymentService", "PaymentService\PaymentService.csproj", "{7DDA886F-7022-E231-A5D2-8BDF0FBB44D6}"
EndProject
Project("{FAE04EC0-301F-11D3-BF4B-00C04F79EFBC}") = "ChatbotAIService", "ChatbotAIService\ChatbotAIService.csproj", "{CE263038-DB10-C1D6-BEE6-703253F0FCC7}"
EndProject
Project("{FAE04EC0-301F-11D3-BF4B-00C04F79EFBC}") = "SMSService", "SMSService\SMSService.csproj", "{7C442909-E664-4C48-E838-75D6DA1AFAC9}"
EndProject
Global
	GlobalSection(SolutionConfigurationPlatforms) = preSolution
		Debug|Any CPU = Debug|Any CPU
		Release|Any CPU = Release|Any CPU
	EndGlobalSection
	GlobalSection(ProjectConfigurationPlatforms) = postSolution
		{98DB2C30-47A0-89BF-D04A-DF6215406F67}.Debug|Any CPU.ActiveCfg = Debug|Any CPU
		{98DB2C30-47A0-89BF-D04A-DF6215406F67}.Debug|Any CPU.Build.0 = Debug|Any CPU
		{98DB2C30-47A0-89BF-D04A-DF6215406F67}.Debug|Any CPU.Deploy.0 = Debug|Any CPU
		{98DB2C30-47A0-89BF-D04A-DF6215406F67}.Release|Any CPU.ActiveCfg = Release|Any CPU
		{98DB2C30-47A0-89BF-D04A-DF6215406F67}.Release|Any CPU.Build.0 = Release|Any CPU
		{98DB2C30-47A0-89BF-D04A-DF6215406F67}.Release|Any CPU.Deploy.0 = Release|Any CPU
		{37B46AC3-4A6E-4C35-9682-512B2953AD36}.Debug|Any CPU.ActiveCfg = Debug|Any CPU
		{37B46AC3-4A6E-4C35-9682-512B2953AD36}.Debug|Any CPU.Build.0 = Debug|Any CPU
		{37B46AC3-4A6E-4C35-9682-512B2953AD36}.Release|Any CPU.ActiveCfg = Release|Any CPU
		{37B46AC3-4A6E-4C35-9682-512B2953AD36}.Release|Any CPU.Build.0 = Release|Any CPU
		{01E30B25-F83B-04BE-47BF-65C6F329008E}.Debug|Any CPU.ActiveCfg = Debug|Any CPU
		{01E30B25-F83B-04BE-47BF-65C6F329008E}.Debug|Any CPU.Build.0 = Debug|Any CPU
		{01E30B25-F83B-04BE-47BF-65C6F329008E}.Release|Any CPU.ActiveCfg = Release|Any CPU
		{01E30B25-F83B-04BE-47BF-65C6F329008E}.Release|Any CPU.Build.0 = Release|Any CPU
		{E15E491A-E872-91D8-DF7A-CA59C792F064}.Debug|Any CPU.ActiveCfg = Debug|Any CPU
		{E15E491A-E872-91D8-DF7A-CA59C792F064}.Debug|Any CPU.Build.0 = Debug|Any CPU
		{E15E491A-E872-91D8-DF7A-CA59C792F064}.Release|Any CPU.ActiveCfg = Release|Any CPU
		{E15E491A-E872-91D8-DF7A-CA59C792F064}.Release|Any CPU.Build.0 = Release|Any CPU
		{45E8AD2D-F6CC-99C0-B6AF-489676982DA4}.Debug|Any CPU.ActiveCfg = Debug|Any CPU
		{45E8AD2D-F6CC-99C0-B6AF-489676982DA4}.Debug|Any CPU.Build.0 = Debug|Any CPU
		{45E8AD2D-F6CC-99C0-B6AF-489676982DA4}.Release|Any CPU.ActiveCfg = Release|Any CPU
		{45E8AD2D-F6CC-99C0-B6AF-489676982DA4}.Release|Any CPU.Build.0 = Release|Any CPU
		{DEBBDB3E-8A91-64F0-2FF9-87816F6CAC71}.Debug|Any CPU.ActiveCfg = Debug|Any CPU
		{DEBBDB3E-8A91-64F0-2FF9-87816F6CAC71}.Debug|Any CPU.Build.0 = Debug|Any CPU
		{DEBBDB3E-8A91-64F0-2FF9-87816F6CAC71}.Release|Any CPU.ActiveCfg = Release|Any CPU
		{DEBBDB3E-8A91-64F0-2FF9-87816F6CAC71}.Release|Any CPU.Build.0 = Release|Any CPU
		{5F68742B-B1C3-66F5-2CDC-B9260EA95F5B}.Debug|Any CPU.ActiveCfg = Debug|Any CPU
		{5F68742B-B1C3-66F5-2CDC-B9260EA95F5B}.Debug|Any CPU.Build.0 = Debug|Any CPU
		{5F68742B-B1C3-66F5-2CDC-B9260EA95F5B}.Release|Any CPU.ActiveCfg = Release|Any CPU
		{5F68742B-B1C3-66F5-2CDC-B9260EA95F5B}.Release|Any CPU.Build.0 = Release|Any CPU
		{45C2CBC5-1B86-7CD6-D0B2-DBDDF8B6C784}.Debug|Any CPU.ActiveCfg = Debug|Any CPU
		{45C2CBC5-1B86-7CD6-D0B2-DBDDF8B6C784}.Debug|Any CPU.Build.0 = Debug|Any CPU
		{45C2CBC5-1B86-7CD6-D0B2-DBDDF8B6C784}.Release|Any CPU.ActiveCfg = Release|Any CPU
		{45C2CBC5-1B86-7CD6-D0B2-DBDDF8B6C784}.Release|Any CPU.Build.0 = Release|Any CPU
		{D20D8694-ABDC-1D2B-F33C-69F0BC8746A5}.Debug|Any CPU.ActiveCfg = Debug|Any CPU
		{D20D8694-ABDC-1D2B-F33C-69F0BC8746A5}.Debug|Any CPU.Build.0 = Debug|Any CPU
		{D20D8694-ABDC-1D2B-F33C-69F0BC8746A5}.Release|Any CPU.ActiveCfg = Release|Any CPU
		{D20D8694-ABDC-1D2B-F33C-69F0BC8746A5}.Release|Any CPU.Build.0 = Release|Any CPU
		{2522D2C2-D43D-C9C5-3DEC-026CAEB60342}.Debug|Any CPU.ActiveCfg = Debug|Any CPU
		{2522D2C2-D43D-C9C5-3DEC-026CAEB60342}.Debug|Any CPU.Build.0 = Debug|Any CPU
		{2522D2C2-D43D-C9C5-3DEC-026CAEB60342}.Release|Any CPU.ActiveCfg = Release|Any CPU
		{2522D2C2-D43D-C9C5-3DEC-026CAEB60342}.Release|Any CPU.Build.0 = Release|Any CPU
		{E79B8DE0-A2C8-B620-752F-B3C2272178A7}.Debug|Any CPU.ActiveCfg = Debug|Any CPU
		{E79B8DE0-A2C8-B620-752F-B3C2272178A7}.Debug|Any CPU.Build.0 = Debug|Any CPU
		{E79B8DE0-A2C8-B620-752F-B3C2272178A7}.Release|Any CPU.ActiveCfg = Release|Any CPU
		{E79B8DE0-A2C8-B620-752F-B3C2272178A7}.Release|Any CPU.Build.0 = Release|Any CPU
		{40AAAEFA-0240-148A-F384-99F3EE00B942}.Debug|Any CPU.ActiveCfg = Debug|Any CPU
		{40AAAEFA-0240-148A-F384-99F3EE00B942}.Debug|Any CPU.Build.0 = Debug|Any CPU
		{40AAAEFA-0240-148A-F384-99F3EE00B942}.Release|Any CPU.ActiveCfg = Release|Any CPU
		{40AAAEFA-0240-148A-F384-99F3EE00B942}.Release|Any CPU.Build.0 = Release|Any CPU
		{CC2C6491-0305-4112-94C2-F3D83C50630D}.Debug|Any CPU.ActiveCfg = Debug|Any CPU
		{CC2C6491-0305-4112-94C2-F3D83C50630D}.Debug|Any CPU.Build.0 = Debug|Any CPU
		{CC2C6491-0305-4112-94C2-F3D83C50630D}.Release|Any CPU.ActiveCfg = Release|Any CPU
		{CC2C6491-0305-4112-94C2-F3D83C50630D}.Release|Any CPU.Build.0 = Release|Any CPU
		{C94A43C7-8F65-83A9-1C33-C9891D47CF6A}.Debug|Any CPU.ActiveCfg = Debug|Any CPU
		{C94A43C7-8F65-83A9-1C33-C9891D47CF6A}.Debug|Any CPU.Build.0 = Debug|Any CPU
		{C94A43C7-8F65-83A9-1C33-C9891D47CF6A}.Release|Any CPU.ActiveCfg = Release|Any CPU
		{C94A43C7-8F65-83A9-1C33-C9891D47CF6A}.Release|Any CPU.Build.0 = Release|Any CPU
		{8D4F5C66-C2B7-6BB9-27CE-8316E6F06AFA}.Debug|Any CPU.ActiveCfg = Debug|Any CPU
		{8D4F5C66-C2B7-6BB9-27CE-8316E6F06AFA}.Debug|Any CPU.Build.0 = Debug|Any CPU
		{8D4F5C66-C2B7-6BB9-27CE-8316E6F06AFA}.Release|Any CPU.ActiveCfg = Release|Any CPU
		{8D4F5C66-C2B7-6BB9-27CE-8316E6F06AFA}.Release|Any CPU.Build.0 = Release|Any CPU
		{2AB58386-E37C-4E8B-8606-DC9B89B095A9}.Debug|Any CPU.ActiveCfg = Debug|Any CPU
		{2AB58386-E37C-4E8B-8606-DC9B89B095A9}.Debug|Any CPU.Build.0 = Debug|Any CPU
		{2AB58386-E37C-4E8B-8606-DC9B89B095A9}.Release|Any CPU.ActiveCfg = Release|Any CPU
		{2AB58386-E37C-4E8B-8606-DC9B89B095A9}.Release|Any CPU.Build.0 = Release|Any CPU
		{7DDA886F-7022-E231-A5D2-8BDF0FBB44D6}.Debug|Any CPU.ActiveCfg = Debug|Any CPU
		{7DDA886F-7022-E231-A5D2-8BDF0FBB44D6}.Debug|Any CPU.Build.0 = Debug|Any CPU
		{7DDA886F-7022-E231-A5D2-8BDF0FBB44D6}.Release|Any CPU.ActiveCfg = Release|Any CPU
		{7DDA886F-7022-E231-A5D2-8BDF0FBB44D6}.Release|Any CPU.Build.0 = Release|Any CPU
		{CE263038-DB10-C1D6-BEE6-703253F0FCC7}.Debug|Any CPU.ActiveCfg = Debug|Any CPU
		{CE263038-DB10-C1D6-BEE6-703253F0FCC7}.Debug|Any CPU.Build.0 = Debug|Any CPU
		{CE263038-DB10-C1D6-BEE6-703253F0FCC7}.Release|Any CPU.ActiveCfg = Release|Any CPU
		{CE263038-DB10-C1D6-BEE6-703253F0FCC7}.Release|Any CPU.Build.0 = Release|Any CPU
		{7C442909-E664-4C48-E838-75D6DA1AFAC9}.Debug|Any CPU.ActiveCfg = Debug|Any CPU
		{7C442909-E664-4C48-E838-75D6DA1AFAC9}.Debug|Any CPU.Build.0 = Debug|Any CPU
		{7C442909-E664-4C48-E838-75D6DA1AFAC9}.Release|Any CPU.ActiveCfg = Release|Any CPU
		{7C442909-E664-4C48-E838-75D6DA1AFAC9}.Release|Any CPU.Build.0 = Release|Any CPU
	EndGlobalSection
	GlobalSection(SolutionProperties) = preSolution
		HideSolutionNode = FALSE
	EndGlobalSection
	GlobalSection(NestedProjects) = preSolution
		{01E30B25-F83B-04BE-47BF-65C6F329008E} = {02EA681E-C7D8-13C7-8484-4AC65E1B71E8}
		{E15E491A-E872-91D8-DF7A-CA59C792F064} = {02EA681E-C7D8-13C7-8484-4AC65E1B71E8}
		{45E8AD2D-F6CC-99C0-B6AF-489676982DA4} = {02EA681E-C7D8-13C7-8484-4AC65E1B71E8}
		{DEBBDB3E-8A91-64F0-2FF9-87816F6CAC71} = {02EA681E-C7D8-13C7-8484-4AC65E1B71E8}
		{5F68742B-B1C3-66F5-2CDC-B9260EA95F5B} = {02EA681E-C7D8-13C7-8484-4AC65E1B71E8}
		{45C2CBC5-1B86-7CD6-D0B2-DBDDF8B6C784} = {02EA681E-C7D8-13C7-8484-4AC65E1B71E8}
		{D20D8694-ABDC-1D2B-F33C-69F0BC8746A5} = {02EA681E-C7D8-13C7-8484-4AC65E1B71E8}
		{2522D2C2-D43D-C9C5-3DEC-026CAEB60342} = {02EA681E-C7D8-13C7-8484-4AC65E1B71E8}
		{E79B8DE0-A2C8-B620-752F-B3C2272178A7} = {02EA681E-C7D8-13C7-8484-4AC65E1B71E8}
		{40AAAEFA-0240-148A-F384-99F3EE00B942} = {02EA681E-C7D8-13C7-8484-4AC65E1B71E8}
		{CC2C6491-0305-4112-94C2-F3D83C50630D} = {02EA681E-C7D8-13C7-8484-4AC65E1B71E8}
		{C94A43C7-8F65-83A9-1C33-C9891D47CF6A} = {02EA681E-C7D8-13C7-8484-4AC65E1B71E8}
		{8D4F5C66-C2B7-6BB9-27CE-8316E6F06AFA} = {02EA681E-C7D8-13C7-8484-4AC65E1B71E8}
	EndGlobalSection
	GlobalSection(ExtensibilityGlobals) = postSolution
		SolutionGuid = {211E095F-40BE-4D0D-9228-5DA13692CB8F}
	EndGlobalSection
EndGlobal
